<?xml version="1.0" encoding="utf-8"?>
<Project ToolsVersion="4.0" xmlns="http://schemas.microsoft.com/developer/msbuild/2003">
  <ItemGroup>
    <Filter Include="Source Files">
      <UniqueIdentifier>{4FC737F1-C7A5-4376-A066-2A32D752A2FF}</UniqueIdentifier>
      <Extensions>cpp;c;cc;cxx;def;odl;idl;hpj;bat;asm;asmx</Extensions>
    </Filter>
    <Filter Include="Header Files">
      <UniqueIdentifier>{93995380-89BD-4b04-88EB-625FBE52EBFB}</UniqueIdentifier>
      <Extensions>h;hh;hpp;hxx;hm;inl;inc;xsd</Extensions>
    </Filter>
    <Filter Include="Resource Files">
      <UniqueIdentifier>{67DA6AB6-F800-4c08-8B7A-83BB121AAD01}</UniqueIdentifier>
      <Extensions>rc;ico;cur;bmp;dlg;rc2;rct;bin;rgs;gif;jpg;jpeg;jpe;resx;tiff;tif;png;wav;mfcribbon-ms</Extensions>
    </Filter>
    <Filter Include="Math">
      <UniqueIdentifier>{12c0a11b-0370-4a31-809b-3d57377f2303}</UniqueIdentifier>
    </Filter>
    <Filter Include="Collision">
      <UniqueIdentifier>{2cdb25ad-6acb-40d9-9492-2c6c933659de}</UniqueIdentifier>
    </Filter>
    <Filter Include="opengl">
      <UniqueIdentifier>{1ca4d85d-5cfc-4f86-b00f-bc5ef3b2ad24}</UniqueIdentifier>
    </Filter>
    <Filter Include="Collision\Box2D">
      <UniqueIdentifier>{7446adc2-25aa-4e4d-9d1a-ff854082f68a}</UniqueIdentifier>
    </Filter>
    <Filter Include="Collision\Box2D\Collision">
      <UniqueIdentifier>{19e7f9c1-2fa0-4bba-acec-d07607c7e12f}</UniqueIdentifier>
    </Filter>
    <Filter Include="Collision\Box2D\Common">
      <UniqueIdentifier>{75014006-1b58-4d6c-a277-0cbf1a62db9e}</UniqueIdentifier>
    </Filter>
    <Filter Include="Collision\Box2D\Dynamics">
      <UniqueIdentifier>{665776f6-9d33-4768-8a28-cf26a3e41ded}</UniqueIdentifier>
    </Filter>
    <Filter Include="Collision\Box2D\Rope">
      <UniqueIdentifier>{a56a890a-8891-415d-8182-720d86e56a3b}</UniqueIdentifier>
    </Filter>
    <Filter Include="Collision\Box2D\Collision\Shapes">
      <UniqueIdentifier>{25d3031b-cb77-4507-951b-8c86305d88fa}</UniqueIdentifier>
    </Filter>
    <Filter Include="Collision\Box2D\Dynamics\Contacts">
      <UniqueIdentifier>{1d8fb96b-704a-498e-8e79-3b317784cf11}</UniqueIdentifier>
    </Filter>
    <Filter Include="Collision\Box2D\Dynamics\Joints">
      <UniqueIdentifier>{2f331add-2c92-44eb-8125-1fd2e7b2ec9b}</UniqueIdentifier>
    </Filter>
  </ItemGroup>
  <ItemGroup>
    <ClCompile Include="Engine.cpp">
      <Filter>Source Files</Filter>
    </ClCompile>
    <ClCompile Include="Entity.cpp">
      <Filter>Source Files</Filter>
    </ClCompile>
    <ClCompile Include="GraphicsDriver.cpp">
      <Filter>Source Files</Filter>
    </ClCompile>
    <ClCompile Include="main.cpp">
      <Filter>Source Files</Filter>
    </ClCompile>
    <ClCompile Include="Texture.cpp">
      <Filter>Source Files</Filter>
    </ClCompile>
    <ClCompile Include="TextureManager.cpp">
      <Filter>Source Files</Filter>
    </ClCompile>
    <ClCompile Include="WindowManager.cpp">
      <Filter>Source Files</Filter>
    </ClCompile>
    <ClCompile Include="World.cpp">
      <Filter>Source Files</Filter>
    </ClCompile>
    <ClCompile Include="Math\Vec2.cpp">
      <Filter>Math</Filter>
    </ClCompile>
    <ClCompile Include="DebugDraw.cpp">
      <Filter>Source Files</Filter>
    </ClCompile>
    <ClCompile Include="..\deps\include\glew\glew.c">
      <Filter>opengl</Filter>
    </ClCompile>
    <ClCompile Include="..\Box2D\Collision\b2BroadPhase.cpp">
      <Filter>Collision\Box2D\Collision</Filter>
    </ClCompile>
    <ClCompile Include="..\Box2D\Collision\b2CollideCircle.cpp">
      <Filter>Collision\Box2D\Collision</Filter>
    </ClCompile>
    <ClCompile Include="..\Box2D\Collision\b2CollideEdge.cpp">
      <Filter>Collision\Box2D\Collision</Filter>
    </ClCompile>
    <ClCompile Include="..\Box2D\Collision\b2CollidePolygon.cpp">
      <Filter>Collision\Box2D\Collision</Filter>
    </ClCompile>
    <ClCompile Include="..\Box2D\Collision\b2Collision.cpp">
      <Filter>Collision\Box2D\Collision</Filter>
    </ClCompile>
    <ClCompile Include="..\Box2D\Collision\b2Distance.cpp">
      <Filter>Collision\Box2D\Collision</Filter>
    </ClCompile>
    <ClCompile Include="..\Box2D\Collision\b2DynamicTree.cpp">
      <Filter>Collision\Box2D\Collision</Filter>
    </ClCompile>
    <ClCompile Include="..\Box2D\Collision\b2TimeOfImpact.cpp">
      <Filter>Collision\Box2D\Collision</Filter>
    </ClCompile>
    <ClCompile Include="..\Box2D\Collision\Shapes\b2ChainShape.cpp">
      <Filter>Collision\Box2D\Collision\Shapes</Filter>
    </ClCompile>
    <ClCompile Include="..\Box2D\Collision\Shapes\b2CircleShape.cpp">
      <Filter>Collision\Box2D\Collision\Shapes</Filter>
    </ClCompile>
    <ClCompile Include="..\Box2D\Collision\Shapes\b2EdgeShape.cpp">
      <Filter>Collision\Box2D\Collision\Shapes</Filter>
    </ClCompile>
    <ClCompile Include="..\Box2D\Collision\Shapes\b2PolygonShape.cpp">
      <Filter>Collision\Box2D\Collision\Shapes</Filter>
    </ClCompile>
    <ClCompile Include="..\Box2D\Common\b2BlockAllocator.cpp">
      <Filter>Collision\Box2D\Common</Filter>
    </ClCompile>
    <ClCompile Include="..\Box2D\Common\b2Draw.cpp">
      <Filter>Collision\Box2D\Common</Filter>
    </ClCompile>
    <ClCompile Include="..\Box2D\Common\b2Math.cpp">
      <Filter>Collision\Box2D\Common</Filter>
    </ClCompile>
    <ClCompile Include="..\Box2D\Common\b2Settings.cpp">
      <Filter>Collision\Box2D\Common</Filter>
    </ClCompile>
    <ClCompile Include="..\Box2D\Common\b2StackAllocator.cpp">
      <Filter>Collision\Box2D\Common</Filter>
    </ClCompile>
    <ClCompile Include="..\Box2D\Common\b2Timer.cpp">
      <Filter>Collision\Box2D\Common</Filter>
    </ClCompile>
    <ClCompile Include="..\Box2D\Dynamics\b2Body.cpp">
      <Filter>Collision\Box2D\Dynamics</Filter>
    </ClCompile>
    <ClCompile Include="..\Box2D\Dynamics\b2ContactManager.cpp">
      <Filter>Collision\Box2D\Dynamics</Filter>
    </ClCompile>
    <ClCompile Include="..\Box2D\Dynamics\b2Fixture.cpp">
      <Filter>Collision\Box2D\Dynamics</Filter>
    </ClCompile>
    <ClCompile Include="..\Box2D\Dynamics\b2Island.cpp">
      <Filter>Collision\Box2D\Dynamics</Filter>
    </ClCompile>
    <ClCompile Include="..\Box2D\Dynamics\b2World.cpp">
      <Filter>Collision\Box2D\Dynamics</Filter>
    </ClCompile>
    <ClCompile Include="..\Box2D\Dynamics\b2WorldCallbacks.cpp">
      <Filter>Collision\Box2D\Dynamics</Filter>
    </ClCompile>
    <ClCompile Include="..\Box2D\Dynamics\Contacts\b2ChainAndCircleContact.cpp">
      <Filter>Collision\Box2D\Dynamics\Contacts</Filter>
    </ClCompile>
    <ClCompile Include="..\Box2D\Dynamics\Contacts\b2ChainAndPolygonContact.cpp">
      <Filter>Collision\Box2D\Dynamics\Contacts</Filter>
    </ClCompile>
    <ClCompile Include="..\Box2D\Dynamics\Contacts\b2CircleContact.cpp">
      <Filter>Collision\Box2D\Dynamics\Contacts</Filter>
    </ClCompile>
    <ClCompile Include="..\Box2D\Dynamics\Contacts\b2Contact.cpp">
      <Filter>Collision\Box2D\Dynamics\Contacts</Filter>
    </ClCompile>
    <ClCompile Include="..\Box2D\Dynamics\Contacts\b2ContactSolver.cpp">
      <Filter>Collision\Box2D\Dynamics\Contacts</Filter>
    </ClCompile>
    <ClCompile Include="..\Box2D\Dynamics\Contacts\b2EdgeAndCircleContact.cpp">
      <Filter>Collision\Box2D\Dynamics\Contacts</Filter>
    </ClCompile>
    <ClCompile Include="..\Box2D\Dynamics\Contacts\b2EdgeAndPolygonContact.cpp">
      <Filter>Collision\Box2D\Dynamics\Contacts</Filter>
    </ClCompile>
    <ClCompile Include="..\Box2D\Dynamics\Contacts\b2PolygonAndCircleContact.cpp">
      <Filter>Collision\Box2D\Dynamics\Contacts</Filter>
    </ClCompile>
    <ClCompile Include="..\Box2D\Dynamics\Contacts\b2PolygonContact.cpp">
      <Filter>Collision\Box2D\Dynamics\Contacts</Filter>
    </ClCompile>
    <ClCompile Include="..\Box2D\Dynamics\Joints\b2DistanceJoint.cpp">
      <Filter>Collision\Box2D\Dynamics\Joints</Filter>
    </ClCompile>
    <ClCompile Include="..\Box2D\Dynamics\Joints\b2FrictionJoint.cpp">
      <Filter>Collision\Box2D\Dynamics\Joints</Filter>
    </ClCompile>
    <ClCompile Include="..\Box2D\Dynamics\Joints\b2GearJoint.cpp">
      <Filter>Collision\Box2D\Dynamics\Joints</Filter>
    </ClCompile>
    <ClCompile Include="..\Box2D\Dynamics\Joints\b2Joint.cpp">
      <Filter>Collision\Box2D\Dynamics\Joints</Filter>
    </ClCompile>
    <ClCompile Include="..\Box2D\Dynamics\Joints\b2MotorJoint.cpp">
      <Filter>Collision\Box2D\Dynamics\Joints</Filter>
    </ClCompile>
    <ClCompile Include="..\Box2D\Dynamics\Joints\b2MouseJoint.cpp">
      <Filter>Collision\Box2D\Dynamics\Joints</Filter>
    </ClCompile>
    <ClCompile Include="..\Box2D\Dynamics\Joints\b2PrismaticJoint.cpp">
      <Filter>Collision\Box2D\Dynamics\Joints</Filter>
    </ClCompile>
    <ClCompile Include="..\Box2D\Dynamics\Joints\b2PulleyJoint.cpp">
      <Filter>Collision\Box2D\Dynamics\Joints</Filter>
    </ClCompile>
    <ClCompile Include="..\Box2D\Dynamics\Joints\b2RevoluteJoint.cpp">
      <Filter>Collision\Box2D\Dynamics\Joints</Filter>
    </ClCompile>
    <ClCompile Include="..\Box2D\Dynamics\Joints\b2RopeJoint.cpp">
      <Filter>Collision\Box2D\Dynamics\Joints</Filter>
    </ClCompile>
    <ClCompile Include="..\Box2D\Dynamics\Joints\b2WeldJoint.cpp">
      <Filter>Collision\Box2D\Dynamics\Joints</Filter>
    </ClCompile>
    <ClCompile Include="..\Box2D\Dynamics\Joints\b2WheelJoint.cpp">
      <Filter>Collision\Box2D\Dynamics\Joints</Filter>
    </ClCompile>
    <ClCompile Include="..\Box2D\Rope\b2Rope.cpp">
      <Filter>Collision\Box2D\Rope</Filter>
    </ClCompile>
  </ItemGroup>
  <ItemGroup>
    <ClInclude Include="Engine.h">
      <Filter>Header Files</Filter>
    </ClInclude>
    <ClInclude Include="Entity.h">
      <Filter>Header Files</Filter>
    </ClInclude>
    <ClInclude Include="GraphicsDriver.h">
      <Filter>Header Files</Filter>
    </ClInclude>
    <ClInclude Include="Texture.h">
      <Filter>Header Files</Filter>
    </ClInclude>
    <ClInclude Include="TextureManager.h">
      <Filter>Header Files</Filter>
    </ClInclude>
    <ClInclude Include="Utils.h">
      <Filter>Header Files</Filter>
    </ClInclude>
    <ClInclude Include="WindowManager.h">
      <Filter>Header Files</Filter>
    </ClInclude>
    <ClInclude Include="World.h">
      <Filter>Header Files</Filter>
    </ClInclude>
    <ClInclude Include="Math\MathBase.h">
      <Filter>Math</Filter>
    </ClInclude>
    <ClInclude Include="Math\Vec2.h">
      <Filter>Math</Filter>
    </ClInclude>
    <ClInclude Include="Collision\MyTest1.h">
      <Filter>Collision</Filter>
    </ClInclude>
    <ClInclude Include="DebugDraw.h">
      <Filter>Header Files</Filter>
    </ClInclude>
    <ClInclude Include="..\deps\include\glew\glew.h">
      <Filter>opengl</Filter>
    </ClInclude>
    <ClInclude Include="..\deps\include\glew\wglew.h">
      <Filter>opengl</Filter>
    </ClInclude>
    <ClInclude Include="..\Box2D\Box2D.h">
      <Filter>Collision\Box2D</Filter>
    </ClInclude>
    <ClInclude Include="..\Box2D\Collision\b2BroadPhase.h">
      <Filter>Collision\Box2D\Collision</Filter>
    </ClInclude>
    <ClInclude Include="..\Box2D\Collision\b2Collision.h">
      <Filter>Collision\Box2D\Collision</Filter>
    </ClInclude>
    <ClInclude Include="..\Box2D\Collision\b2Distance.h">
      <Filter>Collision\Box2D\Collision</Filter>
    </ClInclude>
    <ClInclude Include="..\Box2D\Collision\b2DynamicTree.h">
      <Filter>Collision\Box2D\Collision</Filter>
    </ClInclude>
    <ClInclude Include="..\Box2D\Collision\b2TimeOfImpact.h">
      <Filter>Collision\Box2D\Collision</Filter>
    </ClInclude>
    <ClInclude Include="..\Box2D\Collision\Shapes\b2ChainShape.h">
      <Filter>Collision\Box2D\Collision\Shapes</Filter>
    </ClInclude>
    <ClInclude Include="..\Box2D\Collision\Shapes\b2CircleShape.h">
      <Filter>Collision\Box2D\Collision\Shapes</Filter>
    </ClInclude>
    <ClInclude Include="..\Box2D\Collision\Shapes\b2EdgeShape.h">
      <Filter>Collision\Box2D\Collision\Shapes</Filter>
    </ClInclude>
    <ClInclude Include="..\Box2D\Collision\Shapes\b2PolygonShape.h">
      <Filter>Collision\Box2D\Collision\Shapes</Filter>
    </ClInclude>
    <ClInclude Include="..\Box2D\Collision\Shapes\b2Shape.h">
      <Filter>Collision\Box2D\Collision\Shapes</Filter>
    </ClInclude>
    <ClInclude Include="..\Box2D\Common\b2BlockAllocator.h">
      <Filter>Collision\Box2D\Common</Filter>
    </ClInclude>
    <ClInclude Include="..\Box2D\Common\b2Draw.h">
      <Filter>Collision\Box2D\Common</Filter>
    </ClInclude>
    <ClInclude Include="..\Box2D\Common\b2GrowableStack.h">
      <Filter>Collision\Box2D\Common</Filter>
    </ClInclude>
    <ClInclude Include="..\Box2D\Common\b2Math.h">
      <Filter>Collision\Box2D\Common</Filter>
    </ClInclude>
    <ClInclude Include="..\Box2D\Common\b2Settings.h">
      <Filter>Collision\Box2D\Common</Filter>
    </ClInclude>
    <ClInclude Include="..\Box2D\Common\b2StackAllocator.h">
      <Filter>Collision\Box2D\Common</Filter>
    </ClInclude>
    <ClInclude Include="..\Box2D\Common\b2Timer.h">
      <Filter>Collision\Box2D\Common</Filter>
    </ClInclude>
    <ClInclude Include="..\Box2D\Dynamics\b2Body.h">
      <Filter>Collision\Box2D\Dynamics</Filter>
    </ClInclude>
    <ClInclude Include="..\Box2D\Dynamics\b2ContactManager.h">
      <Filter>Collision\Box2D\Dynamics</Filter>
    </ClInclude>
    <ClInclude Include="..\Box2D\Dynamics\b2Fixture.h">
      <Filter>Collision\Box2D\Dynamics</Filter>
    </ClInclude>
    <ClInclude Include="..\Box2D\Dynamics\b2Island.h">
      <Filter>Collision\Box2D\Dynamics</Filter>
    </ClInclude>
    <ClInclude Include="..\Box2D\Dynamics\b2TimeStep.h">
      <Filter>Collision\Box2D\Dynamics</Filter>
    </ClInclude>
    <ClInclude Include="..\Box2D\Dynamics\b2World.h">
      <Filter>Collision\Box2D\Dynamics</Filter>
    </ClInclude>
    <ClInclude Include="..\Box2D\Dynamics\b2WorldCallbacks.h">
      <Filter>Collision\Box2D\Dynamics</Filter>
    </ClInclude>
    <ClInclude Include="..\Box2D\Dynamics\Contacts\b2ChainAndCircleContact.h">
      <Filter>Collision\Box2D\Dynamics\Contacts</Filter>
    </ClInclude>
    <ClInclude Include="..\Box2D\Dynamics\Contacts\b2ChainAndPolygonContact.h">
      <Filter>Collision\Box2D\Dynamics\Contacts</Filter>
    </ClInclude>
    <ClInclude Include="..\Box2D\Dynamics\Contacts\b2CircleContact.h">
      <Filter>Collision\Box2D\Dynamics\Contacts</Filter>
    </ClInclude>
    <ClInclude Include="..\Box2D\Dynamics\Contacts\b2Contact.h">
      <Filter>Collision\Box2D\Dynamics\Contacts</Filter>
    </ClInclude>
    <ClInclude Include="..\Box2D\Dynamics\Contacts\b2ContactSolver.h">
      <Filter>Collision\Box2D\Dynamics\Contacts</Filter>
    </ClInclude>
    <ClInclude Include="..\Box2D\Dynamics\Contacts\b2EdgeAndCircleContact.h">
      <Filter>Collision\Box2D\Dynamics\Contacts</Filter>
    </ClInclude>
    <ClInclude Include="..\Box2D\Dynamics\Contacts\b2EdgeAndPolygonContact.h">
      <Filter>Collision\Box2D\Dynamics\Contacts</Filter>
    </ClInclude>
    <ClInclude Include="..\Box2D\Dynamics\Contacts\b2PolygonAndCircleContact.h">
      <Filter>Collision\Box2D\Dynamics\Contacts</Filter>
    </ClInclude>
    <ClInclude Include="..\Box2D\Dynamics\Contacts\b2PolygonContact.h">
      <Filter>Collision\Box2D\Dynamics\Contacts</Filter>
    </ClInclude>
    <ClInclude Include="..\Box2D\Dynamics\Joints\b2DistanceJoint.h">
      <Filter>Collision\Box2D\Dynamics\Joints</Filter>
    </ClInclude>
    <ClInclude Include="..\Box2D\Dynamics\Joints\b2FrictionJoint.h">
      <Filter>Collision\Box2D\Dynamics\Joints</Filter>
    </ClInclude>
    <ClInclude Include="..\Box2D\Dynamics\Joints\b2GearJoint.h">
      <Filter>Collision\Box2D\Dynamics\Joints</Filter>
    </ClInclude>
    <ClInclude Include="..\Box2D\Dynamics\Joints\b2Joint.h">
      <Filter>Collision\Box2D\Dynamics\Joints</Filter>
    </ClInclude>
    <ClInclude Include="..\Box2D\Dynamics\Joints\b2MotorJoint.h">
      <Filter>Collision\Box2D\Dynamics\Joints</Filter>
    </ClInclude>
    <ClInclude Include="..\Box2D\Dynamics\Joints\b2MouseJoint.h">
      <Filter>Collision\Box2D\Dynamics\Joints</Filter>
    </ClInclude>
    <ClInclude Include="..\Box2D\Dynamics\Joints\b2PrismaticJoint.h">
      <Filter>Collision\Box2D\Dynamics\Joints</Filter>
    </ClInclude>
    <ClInclude Include="..\Box2D\Dynamics\Joints\b2PulleyJoint.h">
      <Filter>Collision\Box2D\Dynamics\Joints</Filter>
    </ClInclude>
    <ClInclude Include="..\Box2D\Dynamics\Joints\b2RevoluteJoint.h">
      <Filter>Collision\Box2D\Dynamics\Joints</Filter>
    </ClInclude>
    <ClInclude Include="..\Box2D\Dynamics\Joints\b2RopeJoint.h">
      <Filter>Collision\Box2D\Dynamics\Joints</Filter>
    </ClInclude>
    <ClInclude Include="..\Box2D\Dynamics\Joints\b2WeldJoint.h">
      <Filter>Collision\Box2D\Dynamics\Joints</Filter>
    </ClInclude>
    <ClInclude Include="..\Box2D\Dynamics\Joints\b2WheelJoint.h">
      <Filter>Collision\Box2D\Dynamics\Joints</Filter>
    </ClInclude>
    <ClInclude Include="..\Box2D\Rope\b2Rope.h">
      <Filter>Collision\Box2D\Rope</Filter>
    </ClInclude>
  </ItemGroup>
  <ItemGroup>
    <None Include="Math\Vec2.inl">
      <Filter>Math</Filter>
    </None>
  </ItemGroup>
</Project>